
Microsoft Visual Studio Solution File, Format Version 12.00
# Visual Studio 15
VisualStudioVersion = 15.0.28307.572
MinimumVisualStudioVersion = 10.0.40219.1
Project("{FAE04EC0-301F-11D3-BF4B-00C04F79EFBC}") = "Lekcja2", "Lekcja2\Lekcja2.csproj", "{F05EE193-41C4-49A8-81A8-DD1F848907D9}"
EndProject
Global
	GlobalSection(SolutionConfigurationPlatforms) = preSolution
		Debug|Any CPU = Debug|Any CPU
		Release|Any CPU = Release|Any CPU
	EndGlobalSection
	GlobalSection(ProjectConfigurationPlatforms) = postSolution
		{F05EE193-41C4-49A8-81A8-DD1F848907D9}.Debug|Any CPU.ActiveCfg = Debug|Any CPU
		{F05EE193-41C4-49A8-81A8-DD1F848907D9}.Debug|Any CPU.Build.0 = Debug|Any CPU
		{F05EE193-41C4-49A8-81A8-DD1F848907D9}.Release|Any CPU.ActiveCfg = Release|Any CPU
		{F05EE193-41C4-49A8-81A8-DD1F848907D9}.Release|Any CPU.Build.0 = Release|Any CPU
	EndGlobalSection
	GlobalSection(SolutionProperties) = preSolution
		HideSolutionNode = FALSE
	EndGlobalSection
	GlobalSection(ExtensibilityGlobals) = postSolution
		SolutionGuid = {987E3A7B-25FF-4412-ADFD-3FA094AF7135}
	EndGlobalSection
EndGlobal
